// !$*UTF8*$!
{
	archiveVersion = 1;
	classes = {
	};
	objectVersion = 55;
	objects = {

/* Begin PBXBuildFile section */
		7E198B1F287DEDFD0025915A /* Main.storyboard in Resources */ = {isa = PBXBuildFile; fileRef = 7E198B1E287DEDFD0025915A /* Main.storyboard */; };
		7E198B21287DEE360025915A /* LaunchScreen.storyboard in Resources */ = {isa = PBXBuildFile; fileRef = 7E198B20287DEE360025915A /* LaunchScreen.storyboard */; };
		7E228E34287DF2A40060AA07 /* jxtx.gitlab.io.cer in Resources */ = {isa = PBXBuildFile; fileRef = 7E228E33287DF2A40060AA07 /* jxtx.gitlab.io.cer */; };
		7E228E36287DF55B0060AA07 /* README.md in Resources */ = {isa = PBXBuildFile; fileRef = 7E228E35287DF55B0060AA07 /* README.md */; };
		7EBFB98E287DE9670071272A /* AppDelegate.swift in Sources */ = {isa = PBXBuildFile; fileRef = 7EBFB98D287DE9670071272A /* AppDelegate.swift */; };
		7EBFB990287DE9670071272A /* SceneDelegate.swift in Sources */ = {isa = PBXBuildFile; fileRef = 7EBFB98F287DE9670071272A /* SceneDelegate.swift */; };
		7EBFB997287DE9680071272A /* Assets.xcassets in Resources */ = {isa = PBXBuildFile; fileRef = 7EBFB996287DE9680071272A /* Assets.xcassets */; };
		7EBFB9A2287DE9D20071272A /* DetailViewController.swift in Sources */ = {isa = PBXBuildFile; fileRef = 7EBFB9A1287DE9D20071272A /* DetailViewController.swift */; };
		7EBFB9A4287DE9FB0071272A /* DetailViewController+Alamofire.swift in Sources */ = {isa = PBXBuildFile; fileRef = 7EBFB9A3287DE9FB0071272A /* DetailViewController+Alamofire.swift */; };
		7EBFB9A6287DEA1E0071272A /* DetailViewController+CustomPolicyManager.swift in Sources */ = {isa = PBXBuildFile; fileRef = 7EBFB9A5287DEA1E0071272A /* DetailViewController+CustomPolicyManager.swift */; };
		7EBFB9A8287DEA420071272A /* DetailViewController+URLSessionDelegate.swift in Sources */ = {isa = PBXBuildFile; fileRef = 7EBFB9A7287DEA420071272A /* DetailViewController+URLSessionDelegate.swift */; };
		7EBFB9AA287DEA6D0071272A /* ListViewController.swift in Sources */ = {isa = PBXBuildFile; fileRef = 7EBFB9A9287DEA6D0071272A /* ListViewController.swift */; };
		7EBFB9AC287DEA860071272A /* PinMethod.swift in Sources */ = {isa = PBXBuildFile; fileRef = 7EBFB9AB287DEA860071272A /* PinMethod.swift */; };
		7EBFB9AE287DEB0A0071272A /* Podfile in Resources */ = {isa = PBXBuildFile; fileRef = 7EBFB9AD287DEB0A0071272A /* Podfile */; };
		82A644EC3B65EB8B0D5C73AB /* Pods_pinny.framework in Frameworks */ = {isa = PBXBuildFile; fileRef = 434376B05CE25565D61A4C63 /* Pods_pinny.framework */; };
/* End PBXBuildFile section */

/* Begin PBXFileReference section */
		434376B05CE25565D61A4C63 /* Pods_pinny.framework */ = {isa = PBXFileReference; explicitFileType = wrapper.framework; includeInIndex = 0; path = Pods_pinny.framework; sourceTree = BUILT_PRODUCTS_DIR; };
		7E198B1E287DEDFD0025915A /* Main.storyboard */ = {isa = PBXFileReference; lastKnownFileType = file.storyboard; path = Main.storyboard; sourceTree = "<group>"; };
		7E198B20287DEE360025915A /* LaunchScreen.storyboard */ = {isa = PBXFileReference; lastKnownFileType = file.storyboard; path = LaunchScreen.storyboard; sourceTree = "<group>"; };
		7E228E33287DF2A40060AA07 /* jxtx.gitlab.io.cer */ = {isa = PBXFileReference; lastKnownFileType = file; path = jxtx.gitlab.io.cer; sourceTree = "<group>"; };
		7E228E35287DF55B0060AA07 /* README.md */ = {isa = PBXFileReference; lastKnownFileType = net.daringfireball.markdown; path = README.md; sourceTree = "<group>"; };
		7EBFB98A287DE9670071272A /* pinny.app */ = {isa = PBXFileReference; explicitFileType = wrapper.application; includeInIndex = 0; path = pinny.app; sourceTree = BUILT_PRODUCTS_DIR; };
		7EBFB98D287DE9670071272A /* AppDelegate.swift */ = {isa = PBXFileReference; lastKnownFileType = sourcecode.swift; path = AppDelegate.swift; sourceTree = "<group>"; };
		7EBFB98F287DE9670071272A /* SceneDelegate.swift */ = {isa = PBXFileReference; lastKnownFileType = sourcecode.swift; path = SceneDelegate.swift; sourceTree = "<group>"; };
		7EBFB996287DE9680071272A /* Assets.xcassets */ = {isa = PBXFileReference; lastKnownFileType = folder.assetcatalog; path = Assets.xcassets; sourceTree = "<group>"; };
		7EBFB99B287DE9680071272A /* Info.plist */ = {isa = PBXFileReference; lastKnownFileType = text.plist.xml; path = Info.plist; sourceTree = "<group>"; };
		7EBFB9A1287DE9D20071272A /* DetailViewController.swift */ = {isa = PBXFileReference; lastKnownFileType = sourcecode.swift; path = DetailViewController.swift; sourceTree = "<group>"; };
		7EBFB9A3287DE9FB0071272A /* DetailViewController+Alamofire.swift */ = {isa = PBXFileReference; lastKnownFileType = sourcecode.swift; path = "DetailViewController+Alamofire.swift"; sourceTree = "<group>"; };
		7EBFB9A5287DEA1E0071272A /* DetailViewController+CustomPolicyManager.swift */ = {isa = PBXFileReference; lastKnownFileType = sourcecode.swift; path = "DetailViewController+CustomPolicyManager.swift"; sourceTree = "<group>"; };
		7EBFB9A7287DEA420071272A /* DetailViewController+URLSessionDelegate.swift */ = {isa = PBXFileReference; lastKnownFileType = sourcecode.swift; path = "DetailViewController+URLSessionDelegate.swift"; sourceTree = "<group>"; };
		7EBFB9A9287DEA6D0071272A /* ListViewController.swift */ = {isa = PBXFileReference; lastKnownFileType = sourcecode.swift; path = ListViewController.swift; sourceTree = "<group>"; };
		7EBFB9AB287DEA860071272A /* PinMethod.swift */ = {isa = PBXFileReference; lastKnownFileType = sourcecode.swift; path = PinMethod.swift; sourceTree = "<group>"; };
		7EBFB9AD287DEB0A0071272A /* Podfile */ = {isa = PBXFileReference; lastKnownFileType = text; path = Podfile; sourceTree = "<group>"; };
		A2726E7FDC395ACE27424080 /* Pods-pinny.release.xcconfig */ = {isa = PBXFileReference; includeInIndex = 1; lastKnownFileType = text.xcconfig; name = "Pods-pinny.release.xcconfig"; path = "Target Support Files/Pods-pinny/Pods-pinny.release.xcconfig"; sourceTree = "<group>"; };
		E3E198FD495B3AEB534CAAA2 /* Pods-pinny.debug.xcconfig */ = {isa = PBXFileReference; includeInIndex = 1; lastKnownFileType = text.xcconfig; name = "Pods-pinny.debug.xcconfig"; path = "Target Support Files/Pods-pinny/Pods-pinny.debug.xcconfig"; sourceTree = "<group>"; };
/* End PBXFileReference section */

/* Begin PBXFrameworksBuildPhase section */
		7EBFB987287DE9670071272A /* Frameworks */ = {
			isa = PBXFrameworksBuildPhase;
			buildActionMask = 2147483647;
			files = (
				82A644EC3B65EB8B0D5C73AB /* Pods_pinny.framework in Frameworks */,
			);
			runOnlyForDeploymentPostprocessing = 0;
		};
/* End PBXFrameworksBuildPhase section */

/* Begin PBXGroup section */
		6374DE28A53033E022488F77 /* Pods */ = {
			isa = PBXGroup;
			children = (
				E3E198FD495B3AEB534CAAA2 /* Pods-pinny.debug.xcconfig */,
				A2726E7FDC395ACE27424080 /* Pods-pinny.release.xcconfig */,
			);
			path = Pods;
			sourceTree = "<group>";
		};
		7EBFB981287DE9670071272A = {
			isa = PBXGroup;
			children = (
				7E228E35287DF55B0060AA07 /* README.md */,
				7EBFB9AD287DEB0A0071272A /* Podfile */,
				7EBFB98C287DE9670071272A /* pinny */,
				7EBFB98B287DE9670071272A /* Products */,
				6374DE28A53033E022488F77 /* Pods */,
				A3C216ADBA5268F0362D36B0 /* Frameworks */,
			);
			sourceTree = "<group>";
		};
		7EBFB98B287DE9670071272A /* Products */ = {
			isa = PBXGroup;
			children = (
				7EBFB98A287DE9670071272A /* pinny.app */,
			);
			name = Products;
			sourceTree = "<group>";
		};
		7EBFB98C287DE9670071272A /* pinny */ = {
			isa = PBXGroup;
			children = (
				7E228E33287DF2A40060AA07 /* jxtx.gitlab.io.cer */,
				7EBFB98D287DE9670071272A /* AppDelegate.swift */,
				7EBFB98F287DE9670071272A /* SceneDelegate.swift */,
				7EBFB996287DE9680071272A /* Assets.xcassets */,
				7EBFB99B287DE9680071272A /* Info.plist */,
				7EBFB9A1287DE9D20071272A /* DetailViewController.swift */,
				7EBFB9A3287DE9FB0071272A /* DetailViewController+Alamofire.swift */,
				7EBFB9A5287DEA1E0071272A /* DetailViewController+CustomPolicyManager.swift */,
				7EBFB9A7287DEA420071272A /* DetailViewController+URLSessionDelegate.swift */,
				7EBFB9A9287DEA6D0071272A /* ListViewController.swift */,
				7EBFB9AB287DEA860071272A /* PinMethod.swift */,
				7E198B1E287DEDFD0025915A /* Main.storyboard */,
				7E198B20287DEE360025915A /* LaunchScreen.storyboard */,
			);
			path = pinny;
			sourceTree = "<group>";
		};
		A3C216ADBA5268F0362D36B0 /* Frameworks */ = {
			isa = PBXGroup;
			children = (
				434376B05CE25565D61A4C63 /* Pods_pinny.framework */,
			);
			name = Frameworks;
			sourceTree = "<group>";
		};
/* End PBXGroup section */

/* Begin PBXNativeTarget section */
		7EBFB989287DE9670071272A /* pinny */ = {
			isa = PBXNativeTarget;
			buildConfigurationList = 7EBFB99E287DE9680071272A /* Build configuration list for PBXNativeTarget "pinny" */;
			buildPhases = (
				C41B1334147D30D5763D57B0 /* [CP] Check Pods Manifest.lock */,
				7EBFB986287DE9670071272A /* Sources */,
				7EBFB987287DE9670071272A /* Frameworks */,
				7EBFB988287DE9670071272A /* Resources */,
				1A8A0BA4ED5EBA9AA5A43BE4 /* [CP] Embed Pods Frameworks */,
			);
			buildRules = (
			);
			dependencies = (
			);
			name = pinny;
			productName = pinny;
			productReference = 7EBFB98A287DE9670071272A /* pinny.app */;
			productType = "com.apple.product-type.application";
		};
/* End PBXNativeTarget section */

/* Begin PBXProject section */
		7EBFB982287DE9670071272A /* Project object */ = {
			isa = PBXProject;
			attributes = {
				BuildIndependentTargetsInParallel = 1;
				LastSwiftUpdateCheck = 1340;
				LastUpgradeCheck = 1340;
				TargetAttributes = {
					7EBFB989287DE9670071272A = {
						CreatedOnToolsVersion = 13.4.1;
					};
				};
			};
			buildConfigurationList = 7EBFB985287DE9670071272A /* Build configuration list for PBXProject "pinny" */;
			compatibilityVersion = "Xcode 13.0";
			developmentRegion = en;
			hasScannedForEncodings = 0;
			knownRegions = (
				en,
				Base,
			);
			mainGroup = 7EBFB981287DE9670071272A;
			productRefGroup = 7EBFB98B287DE9670071272A /* Products */;
			projectDirPath = "";
			projectRoot = "";
			targets = (
				7EBFB989287DE9670071272A /* pinny */,
			);
		};
/* End PBXProject section */

/* Begin PBXResourcesBuildPhase section */
		7EBFB988287DE9670071272A /* Resources */ = {
			isa = PBXResourcesBuildPhase;
			buildActionMask = 2147483647;
			files = (
				7E228E36287DF55B0060AA07 /* README.md in Resources */,
				7E198B1F287DEDFD0025915A /* Main.storyboard in Resources */,
				7E198B21287DEE360025915A /* LaunchScreen.storyboard in Resources */,
				7EBFB997287DE9680071272A /* Assets.xcassets in Resources */,
				7EBFB9AE287DEB0A0071272A /* Podfile in Resources */,
				7E228E34287DF2A40060AA07 /* jxtx.gitlab.io.cer in Resources */,
			);
			runOnlyForDeploymentPostprocessing = 0;
		};
/* End PBXResourcesBuildPhase section */

/* Begin PBXShellScriptBuildPhase section */
		1A8A0BA4ED5EBA9AA5A43BE4 /* [CP] Embed Pods Frameworks */ = {
			isa = PBXShellScriptBuildPhase;
			buildActionMask = 2147483647;
			files = (
			);
			inputFileListPaths = (
				"${PODS_ROOT}/Target Support Files/Pods-pinny/Pods-pinny-frameworks-${CONFIGURATION}-input-files.xcfilelist",
			);
			name = "[CP] Embed Pods Frameworks";
			outputFileListPaths = (
				"${PODS_ROOT}/Target Support Files/Pods-pinny/Pods-pinny-frameworks-${CONFIGURATION}-output-files.xcfilelist",
			);
			runOnlyForDeploymentPostprocessing = 0;
			shellPath = /bin/sh;
			shellScript = "\"${PODS_ROOT}/Target Support Files/Pods-pinny/Pods-pinny-frameworks.sh\"\n";
			showEnvVarsInLog = 0;
		};
		C41B1334147D30D5763D57B0 /* [CP] Check Pods Manifest.lock */ = {
			isa = PBXShellScriptBuildPhase;
			buildActionMask = 2147483647;
			files = (
			);
			inputFileListPaths = (
			);
			inputPaths = (
				"${PODS_PODFILE_DIR_PATH}/Podfile.lock",
				"${PODS_ROOT}/Manifest.lock",
			);
			name = "[CP] Check Pods Manifest.lock";
			outputFileListPaths = (
			);
			outputPaths = (
				"$(DERIVED_FILE_DIR)/Pods-pinny-checkManifestLockResult.txt",
			);
			runOnlyForDeploymentPostprocessing = 0;
			shellPath = /bin/sh;
			shellScript = "diff \"${PODS_PODFILE_DIR_PATH}/Podfile.lock\" \"${PODS_ROOT}/Manifest.lock\" > /dev/null\nif [ $? != 0 ] ; then\n    # print error to STDERR\n    echo \"error: The sandbox is not in sync with the Podfile.lock. Run 'pod install' or update your CocoaPods installation.\" >&2\n    exit 1\nfi\n# This output is used by Xcode 'outputs' to avoid re-running this script phase.\necho \"SUCCESS\" > \"${SCRIPT_OUTPUT_FILE_0}\"\n";
			showEnvVarsInLog = 0;
		};
/* End PBXShellScriptBuildPhase section */

/* Begin PBXSourcesBuildPhase section */
		7EBFB986287DE9670071272A /* Sources */ = {
			isa = PBXSourcesBuildPhase;
			buildActionMask = 2147483647;
			files = (
				7EBFB9A4287DE9FB0071272A /* DetailViewController+Alamofire.swift in Sources */,
				7EBFB9A8287DEA420071272A /* DetailViewController+URLSessionDelegate.swift in Sources */,
				7EBFB9AC287DEA860071272A /* PinMethod.swift in Sources */,
				7EBFB9A2287DE9D20071272A /* DetailViewController.swift in Sources */,
				7EBFB98E287DE9670071272A /* AppDelegate.swift in Sources */,
				7EBFB990287DE9670071272A /* SceneDelegate.swift in Sources */,
				7EBFB9A6287DEA1E0071272A /* DetailViewController+CustomPolicyManager.swift in Sources */,
				7EBFB9AA287DEA6D0071272A /* ListViewController.swift in Sources */,
			);
			runOnlyForDeploymentPostprocessing = 0;
		};
/* End PBXSourcesBuildPhase section */

/* Begin XCBuildConfiguration section */
		7EBFB99C287DE9680071272A /* Debug */ = {
			isa = XCBuildConfiguration;
			buildSettings = {
				ALWAYS_SEARCH_USER_PATHS = NO;
				CLANG_ANALYZER_NONNULL = YES;
				CLANG_ANALYZER_NUMBER_OBJECT_CONVERSION = YES_AGGRESSIVE;
				CLANG_CXX_LANGUAGE_STANDARD = "gnu++17";
				CLANG_ENABLE_MODULES = YES;
				CLANG_ENABLE_OBJC_ARC = YES;
				CLANG_ENABLE_OBJC_WEAK = YES;
				CLANG_WARN_BLOCK_CAPTURE_AUTORELEASING = YES;
				CLANG_WARN_BOOL_CONVERSION = YES;
				CLANG_WARN_COMMA = YES;
				CLANG_WARN_CONSTANT_CONVERSION = YES;
				CLANG_WARN_DEPRECATED_OBJC_IMPLEMENTATIONS = YES;
				CLANG_WARN_DIRECT_OBJC_ISA_USAGE = YES_ERROR;
				CLANG_WARN_DOCUMENTATION_COMMENTS = YES;
				CLANG_WARN_EMPTY_BODY = YES;
				CLANG_WARN_ENUM_CONVERSION = YES;
				CLANG_WARN_INFINITE_RECURSION = YES;
				CLANG_WARN_INT_CONVERSION = YES;
				CLANG_WARN_NON_LITERAL_NULL_CONVERSION = YES;
				CLANG_WARN_OBJC_IMPLICIT_RETAIN_SELF = YES;
				CLANG_WARN_OBJC_LITERAL_CONVERSION = YES;
				CLANG_WARN_OBJC_ROOT_CLASS = YES_ERROR;
				CLANG_WARN_QUOTED_INCLUDE_IN_FRAMEWORK_HEADER = YES;
				CLANG_WARN_RANGE_LOOP_ANALYSIS = YES;
				CLANG_WARN_STRICT_PROTOTYPES = YES;
				CLANG_WARN_SUSPICIOUS_MOVE = YES;
				CLANG_WARN_UNGUARDED_AVAILABILITY = YES_AGGRESSIVE;
				CLANG_WARN_UNREACHABLE_CODE = YES;
				CLANG_WARN__DUPLICATE_METHOD_MATCH = YES;
				COPY_PHASE_STRIP = NO;
				DEBUG_INFORMATION_FORMAT = dwarf;
				ENABLE_STRICT_OBJC_MSGSEND = YES;
				ENABLE_TESTABILITY = YES;
				GCC_C_LANGUAGE_STANDARD = gnu11;
				GCC_DYNAMIC_NO_PIC = NO;
				GCC_NO_COMMON_BLOCKS = YES;
				GCC_OPTIMIZATION_LEVEL = 0;
				GCC_PREPROCESSOR_DEFINITIONS = (
					"DEBUG=1",
					"$(inherited)",
				);
				GCC_WARN_64_TO_32_BIT_CONVERSION = YES;
				GCC_WARN_ABOUT_RETURN_TYPE = YES_ERROR;
				GCC_WARN_UNDECLARED_SELECTOR = YES;
				GCC_WARN_UNINITIALIZED_AUTOS = YES_AGGRESSIVE;
				GCC_WARN_UNUSED_FUNCTION = YES;
				GCC_WARN_UNUSED_VARIABLE = YES;
				IPHONEOS_DEPLOYMENT_TARGET = 15.5;
				MTL_ENABLE_DEBUG_INFO = INCLUDE_SOURCE;
				MTL_FAST_MATH = YES;
				ONLY_ACTIVE_ARCH = YES;
				SDKROOT = iphoneos;
				SWIFT_ACTIVE_COMPILATION_CONDITIONS = DEBUG;
				SWIFT_OPTIMIZATION_LEVEL = "-Onone";
			};
			name = Debug;
		};
		7EBFB99D287DE9680071272A /* Release */ = {
			isa = XCBuildConfiguration;
			buildSettings = {
				ALWAYS_SEARCH_USER_PATHS = NO;
				CLANG_ANALYZER_NONNULL = YES;
				CLANG_ANALYZER_NUMBER_OBJECT_CONVERSION = YES_AGGRESSIVE;
				CLANG_CXX_LANGUAGE_STANDARD = "gnu++17";
				CLANG_ENABLE_MODULES = YES;
				CLANG_ENABLE_OBJC_ARC = YES;
				CLANG_ENABLE_OBJC_WEAK = YES;
				CLANG_WARN_BLOCK_CAPTURE_AUTORELEASING = YES;
				CLANG_WARN_BOOL_CONVERSION = YES;
				CLANG_WARN_COMMA = YES;
				CLANG_WARN_CONSTANT_CONVERSION = YES;
				CLANG_WARN_DEPRECATED_OBJC_IMPLEMENTATIONS = YES;
				CLANG_WARN_DIRECT_OBJC_ISA_USAGE = YES_ERROR;
				CLANG_WARN_DOCUMENTATION_COMMENTS = YES;
				CLANG_WARN_EMPTY_BODY = YES;
				CLANG_WARN_ENUM_CONVERSION = YES;
				CLANG_WARN_INFINITE_RECURSION = YES;
				CLANG_WARN_INT_CONVERSION = YES;
				CLANG_WARN_NON_LITERAL_NULL_CONVERSION = YES;
				CLANG_WARN_OBJC_IMPLICIT_RETAIN_SELF = YES;
				CLANG_WARN_OBJC_LITERAL_CONVERSION = YES;
				CLANG_WARN_OBJC_ROOT_CLASS = YES_ERROR;
				CLANG_WARN_QUOTED_INCLUDE_IN_FRAMEWORK_HEADER = YES;
				CLANG_WARN_RANGE_LOOP_ANALYSIS = YES;
				CLANG_WARN_STRICT_PROTOTYPES = YES;
				CLANG_WARN_SUSPICIOUS_MOVE = YES;
				CLANG_WARN_UNGUARDED_AVAILABILITY = YES_AGGRESSIVE;
				CLANG_WARN_UNREACHABLE_CODE = YES;
				CLANG_WARN__DUPLICATE_METHOD_MATCH = YES;
				COPY_PHASE_STRIP = NO;
				DEBUG_INFORMATION_FORMAT = "dwarf-with-dsym";
				ENABLE_NS_ASSERTIONS = NO;
				ENABLE_STRICT_OBJC_MSGSEND = YES;
				GCC_C_LANGUAGE_STANDARD = gnu11;
				GCC_NO_COMMON_BLOCKS = YES;
				GCC_WARN_64_TO_32_BIT_CONVERSION = YES;
				GCC_WARN_ABOUT_RETURN_TYPE = YES_ERROR;
				GCC_WARN_UNDECLARED_SELECTOR = YES;
				GCC_WARN_UNINITIALIZED_AUTOS = YES_AGGRESSIVE;
				GCC_WARN_UNUSED_FUNCTION = YES;
				GCC_WARN_UNUSED_VARIABLE = YES;
				IPHONEOS_DEPLOYMENT_TARGET = 15.5;
				MTL_ENABLE_DEBUG_INFO = NO;
				MTL_FAST_MATH = YES;
				SDKROOT = iphoneos;
				SWIFT_COMPILATION_MODE = wholemodule;
				SWIFT_OPTIMIZATION_LEVEL = "-O";
				VALIDATE_PRODUCT = YES;
			};
			name = Release;
		};
		7EBFB99F287DE9680071272A /* Debug */ = {
			isa = XCBuildConfiguration;
			baseConfigurationReference = E3E198FD495B3AEB534CAAA2 /* Pods-pinny.debug.xcconfig */;
			buildSettings = {
				ASSETCATALOG_COMPILER_APPICON_NAME = AppIcon;
				ASSETCATALOG_COMPILER_GLOBAL_ACCENT_COLOR_NAME = AccentColor;
				CODE_SIGN_STYLE = Automatic;
				CURRENT_PROJECT_VERSION = 1;
				DEVELOPMENT_TEAM = KKCZ9T3HRT;
				GENERATE_INFOPLIST_FILE = YES;
				INFOPLIST_FILE = pinny/Info.plist;
				INFOPLIST_KEY_UIApplicationSupportsIndirectInputEvents = YES;
				INFOPLIST_KEY_UILaunchStoryboardName = LaunchScreen;
				INFOPLIST_KEY_UIMainStoryboardFile = Main;
				INFOPLIST_KEY_UISupportedInterfaceOrientations_iPad = "UIInterfaceOrientationPortrait UIInterfaceOrientationPortraitUpsideDown UIInterfaceOrientationLandscapeLeft UIInterfaceOrientationLandscapeRight";
				INFOPLIST_KEY_UISupportedInterfaceOrientations_iPhone = "UIInterfaceOrientationPortrait UIInterfaceOrientationLandscapeLeft UIInterfaceOrientationLandscapeRight";
				LD_RUNPATH_SEARCH_PATHS = (
					"$(inherited)",
					"@executable_path/Frameworks",
				);
				MARKETING_VERSION = 1.0;
				PRODUCT_BUNDLE_IDENTIFIER = com.thorpe.pinny;
				PRODUCT_NAME = "$(TARGET_NAME)";
				SWIFT_EMIT_LOC_STRINGS = YES;
				SWIFT_VERSION = 5.0;
				TARGETED_DEVICE_FAMILY = "1,2";
			};
			name = Debug;
		};
		7EBFB9A0287DE9680071272A /* Release */ = {
			isa = XCBuildConfiguration;
			baseConfigurationReference = A2726E7FDC395ACE27424080 /* Pods-pinny.release.xcconfig */;
			buildSettings = {
				ASSETCATALOG_COMPILER_APPICON_NAME = AppIcon;
				ASSETCATALOG_COMPILER_GLOBAL_ACCENT_COLOR_NAME = AccentColor;
				CODE_SIGN_STYLE = Automatic;
				CURRENT_PROJECT_VERSION = 1;
				DEVELOPMENT_TEAM = KKCZ9T3HRT;
				GENERATE_INFOPLIST_FILE = YES;
				INFOPLIST_FILE = pinny/Info.plist;
				INFOPLIST_KEY_UIApplicationSupportsIndirectInputEvents = YES;
				INFOPLIST_KEY_UILaunchStoryboardName = LaunchScreen;
				INFOPLIST_KEY_UIMainStoryboardFile = Main;
				INFOPLIST_KEY_UISupportedInterfaceOrientations_iPad = "UIInterfaceOrientationPortrait UIInterfaceOrientationPortraitUpsideDown UIInterfaceOrientationLandscapeLeft UIInterfaceOrientationLandscapeRight";
				INFOPLIST_KEY_UISupportedInterfaceOrientations_iPhone = "UIInterfaceOrientationPortrait UIInterfaceOrientationLandscapeLeft UIInterfaceOrientationLandscapeRight";
				LD_RUNPATH_SEARCH_PATHS = (
					"$(inherited)",
					"@executable_path/Frameworks",
				);
				MARKETING_VERSION = 1.0;
				PRODUCT_BUNDLE_IDENTIFIER = com.thorpe.pinny;
				PRODUCT_NAME = "$(TARGET_NAME)";
				SWIFT_EMIT_LOC_STRINGS = YES;
				SWIFT_VERSION = 5.0;
				TARGETED_DEVICE_FAMILY = "1,2";
			};
			name = Release;
		};
/* End XCBuildConfiguration section */

/* Begin XCConfigurationList section */
		7EBFB985287DE9670071272A /* Build configuration list for PBXProject "pinny" */ = {
			isa = XCConfigurationList;
			buildConfigurations = (
				7EBFB99C287DE9680071272A /* Debug */,
				7EBFB99D287DE9680071272A /* Release */,
			);
			defaultConfigurationIsVisible = 0;
			defaultConfigurationName = Release;
		};
		7EBFB99E287DE9680071272A /* Build configuration list for PBXNativeTarget "pinny" */ = {
			isa = XCConfigurationList;
			buildConfigurations = (
				7EBFB99F287DE9680071272A /* Debug */,
				7EBFB9A0287DE9680071272A /* Release */,
			);
			defaultConfigurationIsVisible = 0;
			defaultConfigurationName = Release;
		};
/* End XCConfigurationList section */
	};
	rootObject = 7EBFB982287DE9670071272A /* Project object */;
}
